
Microsoft Visual Studio Solution File, Format Version 12.00
# Visual Studio Version 17
VisualStudioVersion = 17.7.34031.279
MinimumVisualStudioVersion = 10.0.40219.1
Project("{FAE04EC0-301F-11D3-BF4B-00C04F79EFBC}") = "Polaris", "Polaris.csproj", "{91C7D678-0398-4D0E-B372-077EF4CEDABA}"
EndProject
Project("{FAE04EC0-301F-11D3-BF4B-00C04F79EFBC}") = "Polaris.SQL", "..\Polaris.SQL\Polaris.SQL.csproj", "{D871766F-DC2D-4675-BFD6-4AF6BDA568DE}"
EndProject
Global
	GlobalSection(SolutionConfigurationPlatforms) = preSolution
		Debug|Any CPU = Debug|Any CPU
		Release|Any CPU = Release|Any CPU
	EndGlobalSection
	GlobalSection(ProjectConfigurationPlatforms) = postSolution
		{91C7D678-0398-4D0E-B372-077EF4CEDABA}.Debug|Any CPU.ActiveCfg = Debug|Any CPU
		{91C7D678-0398-4D0E-B372-077EF4CEDABA}.Debug|Any CPU.Build.0 = Debug|Any CPU
		{91C7D678-0398-4D0E-B372-077EF4CEDABA}.Release|Any CPU.ActiveCfg = Release|Any CPU
		{91C7D678-0398-4D0E-B372-077EF4CEDABA}.Release|Any CPU.Build.0 = Release|Any CPU
		{D871766F-DC2D-4675-BFD6-4AF6BDA568DE}.Debug|Any CPU.ActiveCfg = Debug|Any CPU
		{D871766F-DC2D-4675-BFD6-4AF6BDA568DE}.Debug|Any CPU.Build.0 = Debug|Any CPU
		{D871766F-DC2D-4675-BFD6-4AF6BDA568DE}.Release|Any CPU.ActiveCfg = Release|Any CPU
		{D871766F-DC2D-4675-BFD6-4AF6BDA568DE}.Release|Any CPU.Build.0 = Release|Any CPU
	EndGlobalSection
	GlobalSection(SolutionProperties) = preSolution
		HideSolutionNode = FALSE
	EndGlobalSection
	GlobalSection(ExtensibilityGlobals) = postSolution
		SolutionGuid = {774C89EF-2E85-4EA1-B9D6-C95D7A4AADCF}
	EndGlobalSection
EndGlobal
